# This file is automatically @generated by Cargo.
# It is not intended for manual editing.
version = 4

[[package]]
name = "cli"
version = "0.1.0"
dependencies = [
 "platform",
 "store",
 "testutil",
]

[[package]]
name = "core"
version = "0.1.0"

[[package]]
name = "platform"
version = "0.1.0"

[[package]]
name = "store"
version = "0.1.0"
dependencies = [
 "core",
]

[[package]]
name = "testutil"
version = "0.1.0"
